
Microsoft Visual Studio Solution File, Format Version 12.00
# Visual Studio Version 17
VisualStudioVersion = 17.5.33502.453
MinimumVisualStudioVersion = 10.0.40219.1
Project("{2150E333-8FDC-42A3-9474-1A3956D46DE8}") = "Services", "Services", "{150F9307-4535-4A47-BC5D-267575867EA2}"
EndProject
Project("{2150E333-8FDC-42A3-9474-1A3956D46DE8}") = "Catalog", "Catalog", "{B6966A60-49DC-411E-A3AF-0AA695C2E289}"
EndProject
Project("{2150E333-8FDC-42A3-9474-1A3956D46DE8}") = "Shared", "Shared", "{D0ACAE91-0C34-4064-A3D2-91A083844165}"
EndProject
Project("{9A19103F-16F7-4668-BE54-9A1E7A4F7556}") = "FreeCourse.Shared", "Shared\FreeCourse.Shared\FreeCourse.Shared.csproj", "{A728C294-3DBF-4041-9902-62DD113D672D}"
EndProject
Project("{E53339B2-1760-4266-BCC7-CA923CBCF16C}") = "docker-compose", "docker-compose.dcproj", "{D79BB95B-11A7-4B48-B81F-0DAC908B4E9D}"
EndProject
Project("{9A19103F-16F7-4668-BE54-9A1E7A4F7556}") = "FreeCourses.Services.Catalog", "Services\Catalog\FreeCourses.Services.Catalog\FreeCourses.Services.Catalog.csproj", "{A7ACF4C8-75AD-4B60-B896-730CB8C019EE}"
EndProject
Project("{2150E333-8FDC-42A3-9474-1A3956D46DE8}") = "PhotoStock", "PhotoStock", "{5D32291C-E07D-4CFF-82B2-1E8CBB5CCE5E}"
EndProject
Project("{2150E333-8FDC-42A3-9474-1A3956D46DE8}") = "MyIdentityServer", "MyIdentityServer", "{13748ACC-9DAB-4A97-9CB0-700EF2DD8098}"
EndProject
Project("{9A19103F-16F7-4668-BE54-9A1E7A4F7556}") = "MyIdentityServer", "MyIdentityServer\MyIdentityServer.csproj", "{5ED6326B-029C-4929-8F31-FF44645F33D1}"
EndProject
Project("{2150E333-8FDC-42A3-9474-1A3956D46DE8}") = "Basket", "Basket", "{CEE51B00-0EC9-4606-A6B3-74740AB676A8}"
EndProject
Project("{2150E333-8FDC-42A3-9474-1A3956D46DE8}") = "Solution Items", "Solution Items", "{3F4FF3CF-B192-44E6-B1D3-EBB1E21A2451}"
	ProjectSection(SolutionItems) = preProject
		Ports.txt = Ports.txt
	EndProjectSection
EndProject
Project("{2150E333-8FDC-42A3-9474-1A3956D46DE8}") = "Order", "Order", "{B20E6BEA-2523-4195-98F6-815D04F75B2D}"
EndProject
Project("{2150E333-8FDC-42A3-9474-1A3956D46DE8}") = "Discount", "Discount", "{B30DFC9D-3FA4-4FC8-BB42-DE9AFFE96DC0}"
EndProject
Project("{9A19103F-16F7-4668-BE54-9A1E7A4F7556}") = "FreeCourse.Basket", "Services\FreeCourse\Basket\FreeCourse.Basket\FreeCourse.Basket.csproj", "{DDD818BF-D0A4-440A-8676-A88972DD81AA}"
EndProject
Project("{9A19103F-16F7-4668-BE54-9A1E7A4F7556}") = "FreeCourse.Discount", "Services\FreeCourse\Discount\FreeCourse.Discount\FreeCourse.Discount.csproj", "{10440171-8C35-4CED-8F68-F33A1D42E002}"
EndProject
Project("{9A19103F-16F7-4668-BE54-9A1E7A4F7556}") = "FreeCourse.PhotoStock", "Services\FreeCourse.PhotoStock\FreeCourse.PhotoStock.csproj", "{8C99FA68-F5EB-45AB-BBE9-628AA34E4BD8}"
EndProject
Project("{9A19103F-16F7-4668-BE54-9A1E7A4F7556}") = "FreeCourse.Services.Order.Application", "Services\Order\FreeCourse.Services.Order.Application\FreeCourse.Services.Order.Application.csproj", "{F6C75DEA-73D8-49DD-BB66-E2874D8BF278}"
EndProject
Project("{9A19103F-16F7-4668-BE54-9A1E7A4F7556}") = "FreeCourse.Services.Order.Domain.Core", "Services\Order\FreeCourse.Services.Order.Domain.Core\FreeCourse.Services.Order.Domain.Core.csproj", "{EC961DE7-CE2A-4643-86AC-A5711D0FCCF7}"
EndProject
Project("{9A19103F-16F7-4668-BE54-9A1E7A4F7556}") = "FreeCourse.Services.Order.Infrastructure", "Services\Order\FreeCourse.Services.Order.Infrastructure\FreeCourse.Services.Order.Infrastructure.csproj", "{338D5680-B00B-4828-9D3F-B3DB592649AF}"
EndProject
Project("{9A19103F-16F7-4668-BE54-9A1E7A4F7556}") = "FreeCourse.Sevices.Order.Domain", "Services\Order\FreeCourse.Sevices.Order.Domain\FreeCourse.Sevices.Order.Domain.csproj", "{46BB450E-F051-4B22-8D54-393C23B19364}"
EndProject
Project("{9A19103F-16F7-4668-BE54-9A1E7A4F7556}") = "FreeCourse.Services.Order.OrderApi", "Services\Order\FreeeCourse.Services,Order.OrderApi\FreeCourse.Services.Order.OrderApi.csproj", "{855BC78B-69BD-4250-B43B-4994D79E2FD3}"
EndProject
Project("{2150E333-8FDC-42A3-9474-1A3956D46DE8}") = "FakePayment", "FakePayment", "{7272BDE3-F46E-4A19-AB8C-195A58E9EA38}"
EndProject
Project("{9A19103F-16F7-4668-BE54-9A1E7A4F7556}") = "FreeCourse.Services.FakePayment", "Services\FakePayment\FreeCourse.Services.FakePayment.csproj", "{A0E921C8-507C-4431-BEB9-C47ADB7B6667}"
EndProject
Project("{2150E333-8FDC-42A3-9474-1A3956D46DE8}") = "Gateways", "Gateways", "{5E40DC76-D658-485A-ADB4-ED5CB2BDB455}"
EndProject
Project("{9A19103F-16F7-4668-BE54-9A1E7A4F7556}") = "FreeCourse.WebGateway", "Gateways\WebGateway\FreeCourse.WebGateway.csproj", "{7284BE1C-F901-43D8-A08F-C54B7F8723BD}"
EndProject
Project("{2150E333-8FDC-42A3-9474-1A3956D46DE8}") = "Client", "Client", "{A9F11484-B433-4DCF-AE0E-57F26F4D9A1D}"
EndProject
Project("{9A19103F-16F7-4668-BE54-9A1E7A4F7556}") = "WebApp_", "Client\WebApp_\WebApp_.csproj", "{C93616DF-A06C-47D9-87CF-1BC2BCACA30B}"
EndProject
Project("{2150E333-8FDC-42A3-9474-1A3956D46DE8}") = "DaliyShopApp", "DaliyShopApp", "{F427C9F3-EA61-4604-B1E3-BCCA865A8C51}"
EndProject
Project("{9A19103F-16F7-4668-BE54-9A1E7A4F7556}") = "DailyShopApp", "Client\DailyShopApp\DailyShopApp\DailyShopApp.csproj", "{3B023D6A-1A27-469E-8522-FE4AB2C536FE}"
EndProject
Global
	GlobalSection(SolutionConfigurationPlatforms) = preSolution
		Debug|Any CPU = Debug|Any CPU
		Release|Any CPU = Release|Any CPU
	EndGlobalSection
	GlobalSection(ProjectConfigurationPlatforms) = postSolution
		{A728C294-3DBF-4041-9902-62DD113D672D}.Debug|Any CPU.ActiveCfg = Debug|Any CPU
		{A728C294-3DBF-4041-9902-62DD113D672D}.Debug|Any CPU.Build.0 = Debug|Any CPU
		{A728C294-3DBF-4041-9902-62DD113D672D}.Release|Any CPU.ActiveCfg = Release|Any CPU
		{A728C294-3DBF-4041-9902-62DD113D672D}.Release|Any CPU.Build.0 = Release|Any CPU
		{D79BB95B-11A7-4B48-B81F-0DAC908B4E9D}.Debug|Any CPU.ActiveCfg = Debug|Any CPU
		{D79BB95B-11A7-4B48-B81F-0DAC908B4E9D}.Debug|Any CPU.Build.0 = Debug|Any CPU
		{D79BB95B-11A7-4B48-B81F-0DAC908B4E9D}.Release|Any CPU.ActiveCfg = Release|Any CPU
		{D79BB95B-11A7-4B48-B81F-0DAC908B4E9D}.Release|Any CPU.Build.0 = Release|Any CPU
		{A7ACF4C8-75AD-4B60-B896-730CB8C019EE}.Debug|Any CPU.ActiveCfg = Debug|Any CPU
		{A7ACF4C8-75AD-4B60-B896-730CB8C019EE}.Debug|Any CPU.Build.0 = Debug|Any CPU
		{A7ACF4C8-75AD-4B60-B896-730CB8C019EE}.Release|Any CPU.ActiveCfg = Release|Any CPU
		{A7ACF4C8-75AD-4B60-B896-730CB8C019EE}.Release|Any CPU.Build.0 = Release|Any CPU
		{5ED6326B-029C-4929-8F31-FF44645F33D1}.Debug|Any CPU.ActiveCfg = Debug|Any CPU
		{5ED6326B-029C-4929-8F31-FF44645F33D1}.Debug|Any CPU.Build.0 = Debug|Any CPU
		{5ED6326B-029C-4929-8F31-FF44645F33D1}.Release|Any CPU.ActiveCfg = Release|Any CPU
		{5ED6326B-029C-4929-8F31-FF44645F33D1}.Release|Any CPU.Build.0 = Release|Any CPU
		{DDD818BF-D0A4-440A-8676-A88972DD81AA}.Debug|Any CPU.ActiveCfg = Debug|Any CPU
		{DDD818BF-D0A4-440A-8676-A88972DD81AA}.Debug|Any CPU.Build.0 = Debug|Any CPU
		{DDD818BF-D0A4-440A-8676-A88972DD81AA}.Release|Any CPU.ActiveCfg = Release|Any CPU
		{DDD818BF-D0A4-440A-8676-A88972DD81AA}.Release|Any CPU.Build.0 = Release|Any CPU
		{10440171-8C35-4CED-8F68-F33A1D42E002}.Debug|Any CPU.ActiveCfg = Debug|Any CPU
		{10440171-8C35-4CED-8F68-F33A1D42E002}.Debug|Any CPU.Build.0 = Debug|Any CPU
		{10440171-8C35-4CED-8F68-F33A1D42E002}.Release|Any CPU.ActiveCfg = Release|Any CPU
		{10440171-8C35-4CED-8F68-F33A1D42E002}.Release|Any CPU.Build.0 = Release|Any CPU
		{8C99FA68-F5EB-45AB-BBE9-628AA34E4BD8}.Debug|Any CPU.ActiveCfg = Debug|Any CPU
		{8C99FA68-F5EB-45AB-BBE9-628AA34E4BD8}.Debug|Any CPU.Build.0 = Debug|Any CPU
		{8C99FA68-F5EB-45AB-BBE9-628AA34E4BD8}.Release|Any CPU.ActiveCfg = Release|Any CPU
		{8C99FA68-F5EB-45AB-BBE9-628AA34E4BD8}.Release|Any CPU.Build.0 = Release|Any CPU
		{F6C75DEA-73D8-49DD-BB66-E2874D8BF278}.Debug|Any CPU.ActiveCfg = Debug|Any CPU
		{F6C75DEA-73D8-49DD-BB66-E2874D8BF278}.Debug|Any CPU.Build.0 = Debug|Any CPU
		{F6C75DEA-73D8-49DD-BB66-E2874D8BF278}.Release|Any CPU.ActiveCfg = Release|Any CPU
		{F6C75DEA-73D8-49DD-BB66-E2874D8BF278}.Release|Any CPU.Build.0 = Release|Any CPU
		{EC961DE7-CE2A-4643-86AC-A5711D0FCCF7}.Debug|Any CPU.ActiveCfg = Debug|Any CPU
		{EC961DE7-CE2A-4643-86AC-A5711D0FCCF7}.Debug|Any CPU.Build.0 = Debug|Any CPU
		{EC961DE7-CE2A-4643-86AC-A5711D0FCCF7}.Release|Any CPU.ActiveCfg = Release|Any CPU
		{EC961DE7-CE2A-4643-86AC-A5711D0FCCF7}.Release|Any CPU.Build.0 = Release|Any CPU
		{338D5680-B00B-4828-9D3F-B3DB592649AF}.Debug|Any CPU.ActiveCfg = Debug|Any CPU
		{338D5680-B00B-4828-9D3F-B3DB592649AF}.Debug|Any CPU.Build.0 = Debug|Any CPU
		{338D5680-B00B-4828-9D3F-B3DB592649AF}.Release|Any CPU.ActiveCfg = Release|Any CPU
		{338D5680-B00B-4828-9D3F-B3DB592649AF}.Release|Any CPU.Build.0 = Release|Any CPU
		{46BB450E-F051-4B22-8D54-393C23B19364}.Debug|Any CPU.ActiveCfg = Debug|Any CPU
		{46BB450E-F051-4B22-8D54-393C23B19364}.Debug|Any CPU.Build.0 = Debug|Any CPU
		{46BB450E-F051-4B22-8D54-393C23B19364}.Release|Any CPU.ActiveCfg = Release|Any CPU
		{46BB450E-F051-4B22-8D54-393C23B19364}.Release|Any CPU.Build.0 = Release|Any CPU
		{855BC78B-69BD-4250-B43B-4994D79E2FD3}.Debug|Any CPU.ActiveCfg = Debug|Any CPU
		{855BC78B-69BD-4250-B43B-4994D79E2FD3}.Debug|Any CPU.Build.0 = Debug|Any CPU
		{855BC78B-69BD-4250-B43B-4994D79E2FD3}.Release|Any CPU.ActiveCfg = Release|Any CPU
		{855BC78B-69BD-4250-B43B-4994D79E2FD3}.Release|Any CPU.Build.0 = Release|Any CPU
		{A0E921C8-507C-4431-BEB9-C47ADB7B6667}.Debug|Any CPU.ActiveCfg = Debug|Any CPU
		{A0E921C8-507C-4431-BEB9-C47ADB7B6667}.Debug|Any CPU.Build.0 = Debug|Any CPU
		{A0E921C8-507C-4431-BEB9-C47ADB7B6667}.Release|Any CPU.ActiveCfg = Release|Any CPU
		{A0E921C8-507C-4431-BEB9-C47ADB7B6667}.Release|Any CPU.Build.0 = Release|Any CPU
		{7284BE1C-F901-43D8-A08F-C54B7F8723BD}.Debug|Any CPU.ActiveCfg = Debug|Any CPU
		{7284BE1C-F901-43D8-A08F-C54B7F8723BD}.Debug|Any CPU.Build.0 = Debug|Any CPU
		{7284BE1C-F901-43D8-A08F-C54B7F8723BD}.Release|Any CPU.ActiveCfg = Release|Any CPU
		{7284BE1C-F901-43D8-A08F-C54B7F8723BD}.Release|Any CPU.Build.0 = Release|Any CPU
		{C93616DF-A06C-47D9-87CF-1BC2BCACA30B}.Debug|Any CPU.ActiveCfg = Debug|Any CPU
		{C93616DF-A06C-47D9-87CF-1BC2BCACA30B}.Debug|Any CPU.Build.0 = Debug|Any CPU
		{C93616DF-A06C-47D9-87CF-1BC2BCACA30B}.Release|Any CPU.ActiveCfg = Release|Any CPU
		{C93616DF-A06C-47D9-87CF-1BC2BCACA30B}.Release|Any CPU.Build.0 = Release|Any CPU
		{3B023D6A-1A27-469E-8522-FE4AB2C536FE}.Debug|Any CPU.ActiveCfg = Debug|Any CPU
		{3B023D6A-1A27-469E-8522-FE4AB2C536FE}.Debug|Any CPU.Build.0 = Debug|Any CPU
		{3B023D6A-1A27-469E-8522-FE4AB2C536FE}.Release|Any CPU.ActiveCfg = Release|Any CPU
		{3B023D6A-1A27-469E-8522-FE4AB2C536FE}.Release|Any CPU.Build.0 = Release|Any CPU
	EndGlobalSection
	GlobalSection(SolutionProperties) = preSolution
		HideSolutionNode = FALSE
	EndGlobalSection
	GlobalSection(NestedProjects) = preSolution
		{B6966A60-49DC-411E-A3AF-0AA695C2E289} = {150F9307-4535-4A47-BC5D-267575867EA2}
		{A728C294-3DBF-4041-9902-62DD113D672D} = {D0ACAE91-0C34-4064-A3D2-91A083844165}
		{A7ACF4C8-75AD-4B60-B896-730CB8C019EE} = {B6966A60-49DC-411E-A3AF-0AA695C2E289}
		{5D32291C-E07D-4CFF-82B2-1E8CBB5CCE5E} = {150F9307-4535-4A47-BC5D-267575867EA2}
		{5ED6326B-029C-4929-8F31-FF44645F33D1} = {13748ACC-9DAB-4A97-9CB0-700EF2DD8098}
		{CEE51B00-0EC9-4606-A6B3-74740AB676A8} = {150F9307-4535-4A47-BC5D-267575867EA2}
		{B20E6BEA-2523-4195-98F6-815D04F75B2D} = {150F9307-4535-4A47-BC5D-267575867EA2}
		{B30DFC9D-3FA4-4FC8-BB42-DE9AFFE96DC0} = {150F9307-4535-4A47-BC5D-267575867EA2}
		{DDD818BF-D0A4-440A-8676-A88972DD81AA} = {CEE51B00-0EC9-4606-A6B3-74740AB676A8}
		{10440171-8C35-4CED-8F68-F33A1D42E002} = {B30DFC9D-3FA4-4FC8-BB42-DE9AFFE96DC0}
		{8C99FA68-F5EB-45AB-BBE9-628AA34E4BD8} = {5D32291C-E07D-4CFF-82B2-1E8CBB5CCE5E}
		{F6C75DEA-73D8-49DD-BB66-E2874D8BF278} = {B20E6BEA-2523-4195-98F6-815D04F75B2D}
		{EC961DE7-CE2A-4643-86AC-A5711D0FCCF7} = {B20E6BEA-2523-4195-98F6-815D04F75B2D}
		{338D5680-B00B-4828-9D3F-B3DB592649AF} = {B20E6BEA-2523-4195-98F6-815D04F75B2D}
		{46BB450E-F051-4B22-8D54-393C23B19364} = {B20E6BEA-2523-4195-98F6-815D04F75B2D}
		{855BC78B-69BD-4250-B43B-4994D79E2FD3} = {B20E6BEA-2523-4195-98F6-815D04F75B2D}
		{7272BDE3-F46E-4A19-AB8C-195A58E9EA38} = {150F9307-4535-4A47-BC5D-267575867EA2}
		{A0E921C8-507C-4431-BEB9-C47ADB7B6667} = {7272BDE3-F46E-4A19-AB8C-195A58E9EA38}
		{7284BE1C-F901-43D8-A08F-C54B7F8723BD} = {5E40DC76-D658-485A-ADB4-ED5CB2BDB455}
		{C93616DF-A06C-47D9-87CF-1BC2BCACA30B} = {A9F11484-B433-4DCF-AE0E-57F26F4D9A1D}
		{F427C9F3-EA61-4604-B1E3-BCCA865A8C51} = {A9F11484-B433-4DCF-AE0E-57F26F4D9A1D}
		{3B023D6A-1A27-469E-8522-FE4AB2C536FE} = {F427C9F3-EA61-4604-B1E3-BCCA865A8C51}
	EndGlobalSection
	GlobalSection(ExtensibilityGlobals) = postSolution
		SolutionGuid = {1BCAEF7D-6AEF-47F6-A995-FC5ABF92E211}
	EndGlobalSection
EndGlobal
